
Microsoft Visual Studio Solution File, Format Version 12.00
# Visual Studio 15
VisualStudioVersion = 15.0.27703.2047
MinimumVisualStudioVersion = 10.0.40219.1
Project("{FAE04EC0-301F-11D3-BF4B-00C04F79EFBC}") = "MgSieve", "MgSieve\MgSieve.csproj", "{C25B7747-629B-478E-8924-42DA2EC4CC7F}"
EndProject
Project("{FAE04EC0-301F-11D3-BF4B-00C04F79EFBC}") = "MgSieve-Client", "MgSieve-Client\MgSieve-Client.csproj", "{BC41C3B7-83EB-4403-A5D3-D69C7D6E0968}"
EndProject
Global
	GlobalSection(SolutionConfigurationPlatforms) = preSolution
		Debug|Any CPU = Debug|Any CPU
		Release|Any CPU = Release|Any CPU
	EndGlobalSection
	GlobalSection(ProjectConfigurationPlatforms) = postSolution
		{C25B7747-629B-478E-8924-42DA2EC4CC7F}.Debug|Any CPU.ActiveCfg = Debug|Any CPU
		{C25B7747-629B-478E-8924-42DA2EC4CC7F}.Debug|Any CPU.Build.0 = Debug|Any CPU
		{C25B7747-629B-478E-8924-42DA2EC4CC7F}.Release|Any CPU.ActiveCfg = Release|Any CPU
		{C25B7747-629B-478E-8924-42DA2EC4CC7F}.Release|Any CPU.Build.0 = Release|Any CPU
		{BC41C3B7-83EB-4403-A5D3-D69C7D6E0968}.Debug|Any CPU.ActiveCfg = Debug|Any CPU
		{BC41C3B7-83EB-4403-A5D3-D69C7D6E0968}.Debug|Any CPU.Build.0 = Debug|Any CPU
		{BC41C3B7-83EB-4403-A5D3-D69C7D6E0968}.Release|Any CPU.ActiveCfg = Release|Any CPU
		{BC41C3B7-83EB-4403-A5D3-D69C7D6E0968}.Release|Any CPU.Build.0 = Release|Any CPU
	EndGlobalSection
	GlobalSection(SolutionProperties) = preSolution
		HideSolutionNode = FALSE
	EndGlobalSection
	GlobalSection(ExtensibilityGlobals) = postSolution
		SolutionGuid = {2992D85E-ECA6-4119-B039-3D5D1B44235E}
	EndGlobalSection
EndGlobal
